
Microsoft Visual Studio Solution File, Format Version 12.00
# Visual Studio Version 17
VisualStudioVersion = 17.6.33626.354
MinimumVisualStudioVersion = 15.0.26124.0
Project("{2150E333-8FDC-42A3-9474-1A3956D46DE8}") = "Entrypoints", "Entrypoints", "{975AB7C6-88FF-4A41-B70A-73DC867AF263}"
EndProject
Project("{2150E333-8FDC-42A3-9474-1A3956D46DE8}") = "Core", "Core", "{11D7ADE3-7D67-4EAA-871E-4BB4F0BA6F64}"
EndProject
Project("{2150E333-8FDC-42A3-9474-1A3956D46DE8}") = "src", "src", "{CEC09C03-08B8-41F0-95B3-E1811BA90E30}"
EndProject
Project("{2150E333-8FDC-42A3-9474-1A3956D46DE8}") = "Tools", "Tools", "{5350E579-EDC0-4AC3-B0C8-160C083D42CE}"
EndProject
Project("{2150E333-8FDC-42A3-9474-1A3956D46DE8}") = "test", "test", "{4591B0F0-99F2-4081-9D47-7648EDE6CEFB}"
EndProject
Project("{2150E333-8FDC-42A3-9474-1A3956D46DE8}") = "Solution Items", "Solution Items", "{C931B7F6-2060-4A0D-B8AA-3BCCEE3E420A}"
	ProjectSection(SolutionItems) = preProject
		.dockerignore = .dockerignore
		.editorconfig = .editorconfig
		.gitignore = .gitignore
		utility\bootstrap.sh = utility\bootstrap.sh
		utility\build.sh = utility\build.sh
		utility\build.web.sh = utility\build.web.sh
		.github\workflows\ci.yml = .github\workflows\ci.yml
		Dockerfile = Dockerfile
		README.md = README.md
		utility\run.sh = utility\run.sh
	EndProjectSection
EndProject
Project("{2150E333-8FDC-42A3-9474-1A3956D46DE8}") = "Core", "Core", "{EC205F80-DB70-4E32-A4ED-10365023153E}"
EndProject
Project("{9A19103F-16F7-4668-BE54-9A1E7A4F7556}") = "Seacraft.Common", "src\Core\Seacraft.Common\Seacraft.Common.csproj", "{63925ED5-7ECB-4991-ACA3-ACB21B6CE943}"
EndProject
Project("{9A19103F-16F7-4668-BE54-9A1E7A4F7556}") = "Seacraft.Abstractions", "src\Core\Seacraft.Abstractions\Seacraft.Abstractions.csproj", "{F9DBD197-D48F-4296-B388-B59C87084542}"
EndProject
Project("{9A19103F-16F7-4668-BE54-9A1E7A4F7556}") = "Seacraft.Repositories", "src\Core\Seacraft.Repositories\Seacraft.Repositories.csproj", "{101E90BE-2133-4497-8029-87A2E091ADAA}"
EndProject
Project("{9A19103F-16F7-4668-BE54-9A1E7A4F7556}") = "Seacraft.Services", "src\Core\Seacraft.Services\Seacraft.Services.csproj", "{5A16EED8-F5CC-4B9A-9CA0-D22A7EFDF331}"
EndProject
Project("{9A19103F-16F7-4668-BE54-9A1E7A4F7556}") = "Seacraft", "src\Entrypoints\Seacraft\Seacraft.csproj", "{FD10435E-122E-4E0B-A1C8-2A2C7D2DAC0A}"
EndProject
Project("{9A19103F-16F7-4668-BE54-9A1E7A4F7556}") = "Seacraft.DbMigrationTool", "src\Tools\Seacraft.DbMigrationTool\Seacraft.DbMigrationTool.csproj", "{D7E1F7DD-4B20-47DA-A751-A24FE02587C2}"
EndProject
Project("{9A19103F-16F7-4668-BE54-9A1E7A4F7556}") = "Seacraft.Services.Tests", "test\Core\Seacraft.Services.Tests\Seacraft.Services.Tests.csproj", "{27FCC2F6-FDD5-4C0B-B230-95500E12E61C}"
EndProject
Global
	GlobalSection(SolutionConfigurationPlatforms) = preSolution
		Debug|Any CPU = Debug|Any CPU
		Release|Any CPU = Release|Any CPU
	EndGlobalSection
	GlobalSection(ProjectConfigurationPlatforms) = postSolution
		{63925ED5-7ECB-4991-ACA3-ACB21B6CE943}.Debug|Any CPU.ActiveCfg = Debug|Any CPU
		{63925ED5-7ECB-4991-ACA3-ACB21B6CE943}.Debug|Any CPU.Build.0 = Debug|Any CPU
		{63925ED5-7ECB-4991-ACA3-ACB21B6CE943}.Release|Any CPU.ActiveCfg = Release|Any CPU
		{63925ED5-7ECB-4991-ACA3-ACB21B6CE943}.Release|Any CPU.Build.0 = Release|Any CPU
		{F9DBD197-D48F-4296-B388-B59C87084542}.Debug|Any CPU.ActiveCfg = Debug|Any CPU
		{F9DBD197-D48F-4296-B388-B59C87084542}.Debug|Any CPU.Build.0 = Debug|Any CPU
		{F9DBD197-D48F-4296-B388-B59C87084542}.Release|Any CPU.ActiveCfg = Release|Any CPU
		{F9DBD197-D48F-4296-B388-B59C87084542}.Release|Any CPU.Build.0 = Release|Any CPU
		{101E90BE-2133-4497-8029-87A2E091ADAA}.Debug|Any CPU.ActiveCfg = Debug|Any CPU
		{101E90BE-2133-4497-8029-87A2E091ADAA}.Debug|Any CPU.Build.0 = Debug|Any CPU
		{101E90BE-2133-4497-8029-87A2E091ADAA}.Release|Any CPU.ActiveCfg = Release|Any CPU
		{101E90BE-2133-4497-8029-87A2E091ADAA}.Release|Any CPU.Build.0 = Release|Any CPU
		{5A16EED8-F5CC-4B9A-9CA0-D22A7EFDF331}.Debug|Any CPU.ActiveCfg = Debug|Any CPU
		{5A16EED8-F5CC-4B9A-9CA0-D22A7EFDF331}.Debug|Any CPU.Build.0 = Debug|Any CPU
		{5A16EED8-F5CC-4B9A-9CA0-D22A7EFDF331}.Release|Any CPU.ActiveCfg = Release|Any CPU
		{5A16EED8-F5CC-4B9A-9CA0-D22A7EFDF331}.Release|Any CPU.Build.0 = Release|Any CPU
		{FD10435E-122E-4E0B-A1C8-2A2C7D2DAC0A}.Debug|Any CPU.ActiveCfg = Debug|Any CPU
		{FD10435E-122E-4E0B-A1C8-2A2C7D2DAC0A}.Debug|Any CPU.Build.0 = Debug|Any CPU
		{FD10435E-122E-4E0B-A1C8-2A2C7D2DAC0A}.Release|Any CPU.ActiveCfg = Release|Any CPU
		{FD10435E-122E-4E0B-A1C8-2A2C7D2DAC0A}.Release|Any CPU.Build.0 = Release|Any CPU
		{D7E1F7DD-4B20-47DA-A751-A24FE02587C2}.Debug|Any CPU.ActiveCfg = Debug|Any CPU
		{D7E1F7DD-4B20-47DA-A751-A24FE02587C2}.Debug|Any CPU.Build.0 = Debug|Any CPU
		{D7E1F7DD-4B20-47DA-A751-A24FE02587C2}.Release|Any CPU.ActiveCfg = Release|Any CPU
		{D7E1F7DD-4B20-47DA-A751-A24FE02587C2}.Release|Any CPU.Build.0 = Release|Any CPU
		{27FCC2F6-FDD5-4C0B-B230-95500E12E61C}.Debug|Any CPU.ActiveCfg = Debug|Any CPU
		{27FCC2F6-FDD5-4C0B-B230-95500E12E61C}.Debug|Any CPU.Build.0 = Debug|Any CPU
		{27FCC2F6-FDD5-4C0B-B230-95500E12E61C}.Release|Any CPU.ActiveCfg = Release|Any CPU
		{27FCC2F6-FDD5-4C0B-B230-95500E12E61C}.Release|Any CPU.Build.0 = Release|Any CPU
	EndGlobalSection
	GlobalSection(SolutionProperties) = preSolution
		HideSolutionNode = FALSE
	EndGlobalSection
	GlobalSection(NestedProjects) = preSolution
		{975AB7C6-88FF-4A41-B70A-73DC867AF263} = {CEC09C03-08B8-41F0-95B3-E1811BA90E30}
		{11D7ADE3-7D67-4EAA-871E-4BB4F0BA6F64} = {CEC09C03-08B8-41F0-95B3-E1811BA90E30}
		{5350E579-EDC0-4AC3-B0C8-160C083D42CE} = {CEC09C03-08B8-41F0-95B3-E1811BA90E30}
		{EC205F80-DB70-4E32-A4ED-10365023153E} = {4591B0F0-99F2-4081-9D47-7648EDE6CEFB}
		{63925ED5-7ECB-4991-ACA3-ACB21B6CE943} = {11D7ADE3-7D67-4EAA-871E-4BB4F0BA6F64}
		{F9DBD197-D48F-4296-B388-B59C87084542} = {11D7ADE3-7D67-4EAA-871E-4BB4F0BA6F64}
		{101E90BE-2133-4497-8029-87A2E091ADAA} = {11D7ADE3-7D67-4EAA-871E-4BB4F0BA6F64}
		{5A16EED8-F5CC-4B9A-9CA0-D22A7EFDF331} = {11D7ADE3-7D67-4EAA-871E-4BB4F0BA6F64}
		{FD10435E-122E-4E0B-A1C8-2A2C7D2DAC0A} = {975AB7C6-88FF-4A41-B70A-73DC867AF263}
		{D7E1F7DD-4B20-47DA-A751-A24FE02587C2} = {5350E579-EDC0-4AC3-B0C8-160C083D42CE}
		{27FCC2F6-FDD5-4C0B-B230-95500E12E61C} = {EC205F80-DB70-4E32-A4ED-10365023153E}
	EndGlobalSection
	GlobalSection(ExtensibilityGlobals) = postSolution
		SolutionGuid = {2D810A06-6FA0-469A-8941-62F9A9E85DE9}
	EndGlobalSection
EndGlobal
